
Microsoft Visual Studio Solution File, Format Version 12.00
# Visual Studio 15
VisualStudioVersion = 15.0.27703.2035
MinimumVisualStudioVersion = 10.0.40219.1
Project("{FAE04EC0-301F-11D3-BF4B-00C04F79EFBC}") = "ПростойКалькулятор", "ПростойКалькулятор\ПростойКалькулятор.csproj", "{54EB71B5-E37D-49C7-9E36-8DB80F17FC0A}"
EndProject
Global
	GlobalSection(SolutionConfigurationPlatforms) = preSolution
		Debug|Any CPU = Debug|Any CPU
		Release|Any CPU = Release|Any CPU
	EndGlobalSection
	GlobalSection(ProjectConfigurationPlatforms) = postSolution
		{54EB71B5-E37D-49C7-9E36-8DB80F17FC0A}.Debug|Any CPU.ActiveCfg = Debug|Any CPU
		{54EB71B5-E37D-49C7-9E36-8DB80F17FC0A}.Debug|Any CPU.Build.0 = Debug|Any CPU
		{54EB71B5-E37D-49C7-9E36-8DB80F17FC0A}.Release|Any CPU.ActiveCfg = Release|Any CPU
		{54EB71B5-E37D-49C7-9E36-8DB80F17FC0A}.Release|Any CPU.Build.0 = Release|Any CPU
	EndGlobalSection
	GlobalSection(SolutionProperties) = preSolution
		HideSolutionNode = FALSE
	EndGlobalSection
	GlobalSection(ExtensibilityGlobals) = postSolution
		SolutionGuid = {496311FE-D3B7-4813-80BB-9524B704E16C}
	EndGlobalSection
EndGlobal
